
Microsoft Visual Studio Solution File, Format Version 12.00
# Visual Studio Version 16
VisualStudioVersion = 16.0.32510.428
MinimumVisualStudioVersion = 10.0.40219.1
Project("{FAE04EC0-301F-11D3-BF4B-00C04F79EFBC}") = "Carrito", "Carrito\Carrito.csproj", "{F37CC5E5-A72B-4469-A553-75C6B6DF3CD3}"
EndProject
Global
	GlobalSection(SolutionConfigurationPlatforms) = preSolution
		Debug|Any CPU = Debug|Any CPU
		Release|Any CPU = Release|Any CPU
	EndGlobalSection
	GlobalSection(ProjectConfigurationPlatforms) = postSolution
		{F37CC5E5-A72B-4469-A553-75C6B6DF3CD3}.Debug|Any CPU.ActiveCfg = Debug|Any CPU
		{F37CC5E5-A72B-4469-A553-75C6B6DF3CD3}.Debug|Any CPU.Build.0 = Debug|Any CPU
		{F37CC5E5-A72B-4469-A553-75C6B6DF3CD3}.Release|Any CPU.ActiveCfg = Release|Any CPU
		{F37CC5E5-A72B-4469-A553-75C6B6DF3CD3}.Release|Any CPU.Build.0 = Release|Any CPU
	EndGlobalSection
	GlobalSection(SolutionProperties) = preSolution
		HideSolutionNode = FALSE
	EndGlobalSection
	GlobalSection(ExtensibilityGlobals) = postSolution
		SolutionGuid = {2D63A3B9-D3A6-4722-AB4B-AEE867D3DE80}
	EndGlobalSection
EndGlobal
